
Microsoft Visual Studio Solution File, Format Version 12.00
# Visual Studio 15
VisualStudioVersion = 15.0.28307.705
MinimumVisualStudioVersion = 10.0.40219.1
Project("{FAE04EC0-301F-11D3-BF4B-00C04F79EFBC}") = "WCF.Repstory", "WCF.Repstory\WCF.Repstory.csproj", "{FA625500-B460-4252-A000-900D55C11941}"
EndProject
Project("{FAE04EC0-301F-11D3-BF4B-00C04F79EFBC}") = "WCF.DTO", "WCF.DTO\WCF.DTO.csproj", "{72A6236A-179C-4F29-B000-E54BC2F88E14}"
EndProject
Project("{FAE04EC0-301F-11D3-BF4B-00C04F79EFBC}") = "WCF.WinUI", "WCF.WinUI\WCF.WinUI.csproj", "{C8634263-A5A0-42DA-A435-E1CDF0604164}"
	ProjectSection(ProjectDependencies) = postProject
		{936006A1-274D-420A-8502-BF207424C930} = {936006A1-274D-420A-8502-BF207424C930}
	EndProjectSection
EndProject
Project("{FAE04EC0-301F-11D3-BF4B-00C04F79EFBC}") = "WCF.Abstracts", "WCF.Abstracts\WCF.Abstracts.csproj", "{F4AEC660-DF53-4069-BE83-FEC74DB09CCC}"
EndProject
Project("{FAE04EC0-301F-11D3-BF4B-00C04F79EFBC}") = "WCF.WCF", "WCF.WCF\WCF.WCF.csproj", "{936006A1-274D-420A-8502-BF207424C930}"
EndProject
Project("{FAE04EC0-301F-11D3-BF4B-00C04F79EFBC}") = "WCF.Exstension", "WCF.Exstension\WCF.Exstension.csproj", "{60F024DC-71FF-48BE-8E33-46BD8C3808C6}"
EndProject
Project("{FAE04EC0-301F-11D3-BF4B-00C04F79EFBC}") = "WCF.Helpers", "WCF.Helpers\WCF.Helpers.csproj", "{CD847EED-19C2-4CE5-9B3D-0742694B7BBF}"
EndProject
Project("{FAE04EC0-301F-11D3-BF4B-00C04F79EFBC}") = "WCF.Entity", "WCF.Entity\WCF.Entity.csproj", "{F1B75821-7981-4571-AA1E-72C9E6F50F87}"
EndProject
Project("{FAE04EC0-301F-11D3-BF4B-00C04F79EFBC}") = "WCF.Concreate", "WCF.Concreate\WCF.Concreate.csproj", "{B5970A78-9FAB-49D2-AE74-6B0A9679C047}"
EndProject
Global
	GlobalSection(SolutionConfigurationPlatforms) = preSolution
		Debug|Any CPU = Debug|Any CPU
		Release|Any CPU = Release|Any CPU
	EndGlobalSection
	GlobalSection(ProjectConfigurationPlatforms) = postSolution
		{FA625500-B460-4252-A000-900D55C11941}.Debug|Any CPU.ActiveCfg = Debug|Any CPU
		{FA625500-B460-4252-A000-900D55C11941}.Debug|Any CPU.Build.0 = Debug|Any CPU
		{FA625500-B460-4252-A000-900D55C11941}.Release|Any CPU.ActiveCfg = Release|Any CPU
		{FA625500-B460-4252-A000-900D55C11941}.Release|Any CPU.Build.0 = Release|Any CPU
		{72A6236A-179C-4F29-B000-E54BC2F88E14}.Debug|Any CPU.ActiveCfg = Debug|Any CPU
		{72A6236A-179C-4F29-B000-E54BC2F88E14}.Debug|Any CPU.Build.0 = Debug|Any CPU
		{72A6236A-179C-4F29-B000-E54BC2F88E14}.Release|Any CPU.ActiveCfg = Release|Any CPU
		{72A6236A-179C-4F29-B000-E54BC2F88E14}.Release|Any CPU.Build.0 = Release|Any CPU
		{C8634263-A5A0-42DA-A435-E1CDF0604164}.Debug|Any CPU.ActiveCfg = Debug|Any CPU
		{C8634263-A5A0-42DA-A435-E1CDF0604164}.Debug|Any CPU.Build.0 = Debug|Any CPU
		{C8634263-A5A0-42DA-A435-E1CDF0604164}.Release|Any CPU.ActiveCfg = Release|Any CPU
		{C8634263-A5A0-42DA-A435-E1CDF0604164}.Release|Any CPU.Build.0 = Release|Any CPU
		{F4AEC660-DF53-4069-BE83-FEC74DB09CCC}.Debug|Any CPU.ActiveCfg = Debug|Any CPU
		{F4AEC660-DF53-4069-BE83-FEC74DB09CCC}.Debug|Any CPU.Build.0 = Debug|Any CPU
		{F4AEC660-DF53-4069-BE83-FEC74DB09CCC}.Release|Any CPU.ActiveCfg = Release|Any CPU
		{F4AEC660-DF53-4069-BE83-FEC74DB09CCC}.Release|Any CPU.Build.0 = Release|Any CPU
		{936006A1-274D-420A-8502-BF207424C930}.Debug|Any CPU.ActiveCfg = Debug|Any CPU
		{936006A1-274D-420A-8502-BF207424C930}.Debug|Any CPU.Build.0 = Debug|Any CPU
		{936006A1-274D-420A-8502-BF207424C930}.Release|Any CPU.ActiveCfg = Release|Any CPU
		{936006A1-274D-420A-8502-BF207424C930}.Release|Any CPU.Build.0 = Release|Any CPU
		{60F024DC-71FF-48BE-8E33-46BD8C3808C6}.Debug|Any CPU.ActiveCfg = Debug|Any CPU
		{60F024DC-71FF-48BE-8E33-46BD8C3808C6}.Debug|Any CPU.Build.0 = Debug|Any CPU
		{60F024DC-71FF-48BE-8E33-46BD8C3808C6}.Release|Any CPU.ActiveCfg = Release|Any CPU
		{60F024DC-71FF-48BE-8E33-46BD8C3808C6}.Release|Any CPU.Build.0 = Release|Any CPU
		{CD847EED-19C2-4CE5-9B3D-0742694B7BBF}.Debug|Any CPU.ActiveCfg = Debug|Any CPU
		{CD847EED-19C2-4CE5-9B3D-0742694B7BBF}.Debug|Any CPU.Build.0 = Debug|Any CPU
		{CD847EED-19C2-4CE5-9B3D-0742694B7BBF}.Release|Any CPU.ActiveCfg = Release|Any CPU
		{CD847EED-19C2-4CE5-9B3D-0742694B7BBF}.Release|Any CPU.Build.0 = Release|Any CPU
		{F1B75821-7981-4571-AA1E-72C9E6F50F87}.Debug|Any CPU.ActiveCfg = Debug|Any CPU
		{F1B75821-7981-4571-AA1E-72C9E6F50F87}.Debug|Any CPU.Build.0 = Debug|Any CPU
		{F1B75821-7981-4571-AA1E-72C9E6F50F87}.Release|Any CPU.ActiveCfg = Release|Any CPU
		{F1B75821-7981-4571-AA1E-72C9E6F50F87}.Release|Any CPU.Build.0 = Release|Any CPU
		{B5970A78-9FAB-49D2-AE74-6B0A9679C047}.Debug|Any CPU.ActiveCfg = Debug|Any CPU
		{B5970A78-9FAB-49D2-AE74-6B0A9679C047}.Debug|Any CPU.Build.0 = Debug|Any CPU
		{B5970A78-9FAB-49D2-AE74-6B0A9679C047}.Release|Any CPU.ActiveCfg = Release|Any CPU
		{B5970A78-9FAB-49D2-AE74-6B0A9679C047}.Release|Any CPU.Build.0 = Release|Any CPU
	EndGlobalSection
	GlobalSection(SolutionProperties) = preSolution
		HideSolutionNode = FALSE
	EndGlobalSection
	GlobalSection(ExtensibilityGlobals) = postSolution
		SolutionGuid = {DCEC13E1-9701-43A3-A1CB-239A30B0AE2A}
	EndGlobalSection
EndGlobal
